
Microsoft Visual Studio Solution File, Format Version 12.00
# Visual Studio 15
VisualStudioVersion = 15.0.28307.779
MinimumVisualStudioVersion = 10.0.40219.1
Project("{9A19103F-16F7-4668-BE54-9A1E7A4F7556}") = "Polkadot", "Polkadot\Polkadot.csproj", "{E1FFFF05-CD38-4912-9218-B5D61EE9445E}"
EndProject
Project("{9A19103F-16F7-4668-BE54-9A1E7A4F7556}") = "PolkaTest", "PolkaTest\PolkaTest.csproj", "{C19F2658-D750-4939-8B79-10FC0896FBB7}"
EndProject
Global
	GlobalSection(SolutionConfigurationPlatforms) = preSolution
		Debug|Any CPU = Debug|Any CPU
		Release|Any CPU = Release|Any CPU
	EndGlobalSection
	GlobalSection(ProjectConfigurationPlatforms) = postSolution
		{E1FFFF05-CD38-4912-9218-B5D61EE9445E}.Debug|Any CPU.ActiveCfg = Debug|Any CPU
		{E1FFFF05-CD38-4912-9218-B5D61EE9445E}.Debug|Any CPU.Build.0 = Debug|Any CPU
		{E1FFFF05-CD38-4912-9218-B5D61EE9445E}.Release|Any CPU.ActiveCfg = Release|Any CPU
		{E1FFFF05-CD38-4912-9218-B5D61EE9445E}.Release|Any CPU.Build.0 = Release|Any CPU
		{C19F2658-D750-4939-8B79-10FC0896FBB7}.Debug|Any CPU.ActiveCfg = Debug|Any CPU
		{C19F2658-D750-4939-8B79-10FC0896FBB7}.Debug|Any CPU.Build.0 = Debug|Any CPU
		{C19F2658-D750-4939-8B79-10FC0896FBB7}.Release|Any CPU.ActiveCfg = Release|Any CPU
		{C19F2658-D750-4939-8B79-10FC0896FBB7}.Release|Any CPU.Build.0 = Release|Any CPU
	EndGlobalSection
	GlobalSection(SolutionProperties) = preSolution
		HideSolutionNode = FALSE
	EndGlobalSection
	GlobalSection(ExtensibilityGlobals) = postSolution
		SolutionGuid = {69BB61B8-1B34-4273-A1EE-BB3663C68B62}
	EndGlobalSection
EndGlobal
