### YamlMime:ManagedReference
items:
- uid: Polkadot.Data.SignedBlock
  commentId: T:Polkadot.Data.SignedBlock
  id: SignedBlock
  parent: Polkadot.Data
  children:
  - Polkadot.Data.SignedBlock.Block
  - Polkadot.Data.SignedBlock.Justification
  langs:
  - csharp
  - vb
  name: SignedBlock
  nameWithType: SignedBlock
  fullName: Polkadot.Data.SignedBlock
  type: Class
  source:
    remote:
      path: Polkadot/src/DataStructs/SignedBlock.cs
      branch: Sprint_6_Complitely
      repo: https://github.com/usetech-llc/polkadot_api_dotnet.git
    id: SignedBlock
    path: src/DataStructs/SignedBlock.cs
    startLine: 2
  assemblies:
  - Polkadot
  namespace: Polkadot.Data
  syntax:
    content: public class SignedBlock
    content.vb: Public Class SignedBlock
  inheritance:
  - System.Object
  inheritedMembers:
  - System.Object.Equals(System.Object)
  - System.Object.Equals(System.Object,System.Object)
  - System.Object.GetHashCode
  - System.Object.GetType
  - System.Object.MemberwiseClone
  - System.Object.ReferenceEquals(System.Object,System.Object)
  - System.Object.ToString
  modifiers.csharp:
  - public
  - class
  modifiers.vb:
  - Public
  - Class
- uid: Polkadot.Data.SignedBlock.Block
  commentId: P:Polkadot.Data.SignedBlock.Block
  id: Block
  parent: Polkadot.Data.SignedBlock
  langs:
  - csharp
  - vb
  name: Block
  nameWithType: SignedBlock.Block
  fullName: Polkadot.Data.SignedBlock.Block
  type: Property
  source:
    remote:
      path: Polkadot/src/DataStructs/SignedBlock.cs
      branch: Sprint_6_Complitely
      repo: https://github.com/usetech-llc/polkadot_api_dotnet.git
    id: Block
    path: src/DataStructs/SignedBlock.cs
    startLine: 4
  assemblies:
  - Polkadot
  namespace: Polkadot.Data
  syntax:
    content: public Block Block { get; set; }
    parameters: []
    return:
      type: Polkadot.Data.Block
    content.vb: Public Property Block As Block
  overload: Polkadot.Data.SignedBlock.Block*
  modifiers.csharp:
  - public
  - get
  - set
  modifiers.vb:
  - Public
- uid: Polkadot.Data.SignedBlock.Justification
  commentId: P:Polkadot.Data.SignedBlock.Justification
  id: Justification
  parent: Polkadot.Data.SignedBlock
  langs:
  - csharp
  - vb
  name: Justification
  nameWithType: SignedBlock.Justification
  fullName: Polkadot.Data.SignedBlock.Justification
  type: Property
  source:
    remote:
      path: Polkadot/src/DataStructs/SignedBlock.cs
      branch: Sprint_6_Complitely
      repo: https://github.com/usetech-llc/polkadot_api_dotnet.git
    id: Justification
    path: src/DataStructs/SignedBlock.cs
    startLine: 5
  assemblies:
  - Polkadot
  namespace: Polkadot.Data
  syntax:
    content: public string Justification { get; set; }
    parameters: []
    return:
      type: System.String
    content.vb: Public Property Justification As String
  overload: Polkadot.Data.SignedBlock.Justification*
  modifiers.csharp:
  - public
  - get
  - set
  modifiers.vb:
  - Public
references:
- uid: Polkadot.Data
  commentId: N:Polkadot.Data
  name: Polkadot.Data
  nameWithType: Polkadot.Data
  fullName: Polkadot.Data
- uid: System.Object
  commentId: T:System.Object
  parent: System
  isExternal: true
  name: Object
  nameWithType: Object
  fullName: System.Object
- uid: System.Object.Equals(System.Object)
  commentId: M:System.Object.Equals(System.Object)
  parent: System.Object
  isExternal: true
  name: Equals(Object)
  nameWithType: Object.Equals(Object)
  fullName: System.Object.Equals(System.Object)
  spec.csharp:
  - uid: System.Object.Equals(System.Object)
    name: Equals
    nameWithType: Object.Equals
    fullName: System.Object.Equals
    isExternal: true
  - name: (
    nameWithType: (
    fullName: (
  - uid: System.Object
    name: Object
    nameWithType: Object
    fullName: System.Object
    isExternal: true
  - name: )
    nameWithType: )
    fullName: )
  spec.vb:
  - uid: System.Object.Equals(System.Object)
    name: Equals
    nameWithType: Object.Equals
    fullName: System.Object.Equals
    isExternal: true
  - name: (
    nameWithType: (
    fullName: (
  - uid: System.Object
    name: Object
    nameWithType: Object
    fullName: System.Object
    isExternal: true
  - name: )
    nameWithType: )
    fullName: )
- uid: System.Object.Equals(System.Object,System.Object)
  commentId: M:System.Object.Equals(System.Object,System.Object)
  parent: System.Object
  isExternal: true
  name: Equals(Object, Object)
  nameWithType: Object.Equals(Object, Object)
  fullName: System.Object.Equals(System.Object, System.Object)
  spec.csharp:
  - uid: System.Object.Equals(System.Object,System.Object)
    name: Equals
    nameWithType: Object.Equals
    fullName: System.Object.Equals
    isExternal: true
  - name: (
    nameWithType: (
    fullName: (
  - uid: System.Object
    name: Object
    nameWithType: Object
    fullName: System.Object
    isExternal: true
  - name: ', '
    nameWithType: ', '
    fullName: ', '
  - uid: System.Object
    name: Object
    nameWithType: Object
    fullName: System.Object
    isExternal: true
  - name: )
    nameWithType: )
    fullName: )
  spec.vb:
  - uid: System.Object.Equals(System.Object,System.Object)
    name: Equals
    nameWithType: Object.Equals
    fullName: System.Object.Equals
    isExternal: true
  - name: (
    nameWithType: (
    fullName: (
  - uid: System.Object
    name: Object
    nameWithType: Object
    fullName: System.Object
    isExternal: true
  - name: ', '
    nameWithType: ', '
    fullName: ', '
  - uid: System.Object
    name: Object
    nameWithType: Object
    fullName: System.Object
    isExternal: true
  - name: )
    nameWithType: )
    fullName: )
- uid: System.Object.GetHashCode
  commentId: M:System.Object.GetHashCode
  parent: System.Object
  isExternal: true
  name: GetHashCode()
  nameWithType: Object.GetHashCode()
  fullName: System.Object.GetHashCode()
  spec.csharp:
  - uid: System.Object.GetHashCode
    name: GetHashCode
    nameWithType: Object.GetHashCode
    fullName: System.Object.GetHashCode
    isExternal: true
  - name: (
    nameWithType: (
    fullName: (
  - name: )
    nameWithType: )
    fullName: )
  spec.vb:
  - uid: System.Object.GetHashCode
    name: GetHashCode
    nameWithType: Object.GetHashCode
    fullName: System.Object.GetHashCode
    isExternal: true
  - name: (
    nameWithType: (
    fullName: (
  - name: )
    nameWithType: )
    fullName: )
- uid: System.Object.GetType
  commentId: M:System.Object.GetType
  parent: System.Object
  isExternal: true
  name: GetType()
  nameWithType: Object.GetType()
  fullName: System.Object.GetType()
  spec.csharp:
  - uid: System.Object.GetType
    name: GetType
    nameWithType: Object.GetType
    fullName: System.Object.GetType
    isExternal: true
  - name: (
    nameWithType: (
    fullName: (
  - name: )
    nameWithType: )
    fullName: )
  spec.vb:
  - uid: System.Object.GetType
    name: GetType
    nameWithType: Object.GetType
    fullName: System.Object.GetType
    isExternal: true
  - name: (
    nameWithType: (
    fullName: (
  - name: )
    nameWithType: )
    fullName: )
- uid: System.Object.MemberwiseClone
  commentId: M:System.Object.MemberwiseClone
  parent: System.Object
  isExternal: true
  name: MemberwiseClone()
  nameWithType: Object.MemberwiseClone()
  fullName: System.Object.MemberwiseClone()
  spec.csharp:
  - uid: System.Object.MemberwiseClone
    name: MemberwiseClone
    nameWithType: Object.MemberwiseClone
    fullName: System.Object.MemberwiseClone
    isExternal: true
  - name: (
    nameWithType: (
    fullName: (
  - name: )
    nameWithType: )
    fullName: )
  spec.vb:
  - uid: System.Object.MemberwiseClone
    name: MemberwiseClone
    nameWithType: Object.MemberwiseClone
    fullName: System.Object.MemberwiseClone
    isExternal: true
  - name: (
    nameWithType: (
    fullName: (
  - name: )
    nameWithType: )
    fullName: )
- uid: System.Object.ReferenceEquals(System.Object,System.Object)
  commentId: M:System.Object.ReferenceEquals(System.Object,System.Object)
  parent: System.Object
  isExternal: true
  name: ReferenceEquals(Object, Object)
  nameWithType: Object.ReferenceEquals(Object, Object)
  fullName: System.Object.ReferenceEquals(System.Object, System.Object)
  spec.csharp:
  - uid: System.Object.ReferenceEquals(System.Object,System.Object)
    name: ReferenceEquals
    nameWithType: Object.ReferenceEquals
    fullName: System.Object.ReferenceEquals
    isExternal: true
  - name: (
    nameWithType: (
    fullName: (
  - uid: System.Object
    name: Object
    nameWithType: Object
    fullName: System.Object
    isExternal: true
  - name: ', '
    nameWithType: ', '
    fullName: ', '
  - uid: System.Object
    name: Object
    nameWithType: Object
    fullName: System.Object
    isExternal: true
  - name: )
    nameWithType: )
    fullName: )
  spec.vb:
  - uid: System.Object.ReferenceEquals(System.Object,System.Object)
    name: ReferenceEquals
    nameWithType: Object.ReferenceEquals
    fullName: System.Object.ReferenceEquals
    isExternal: true
  - name: (
    nameWithType: (
    fullName: (
  - uid: System.Object
    name: Object
    nameWithType: Object
    fullName: System.Object
    isExternal: true
  - name: ', '
    nameWithType: ', '
    fullName: ', '
  - uid: System.Object
    name: Object
    nameWithType: Object
    fullName: System.Object
    isExternal: true
  - name: )
    nameWithType: )
    fullName: )
- uid: System.Object.ToString
  commentId: M:System.Object.ToString
  parent: System.Object
  isExternal: true
  name: ToString()
  nameWithType: Object.ToString()
  fullName: System.Object.ToString()
  spec.csharp:
  - uid: System.Object.ToString
    name: ToString
    nameWithType: Object.ToString
    fullName: System.Object.ToString
    isExternal: true
  - name: (
    nameWithType: (
    fullName: (
  - name: )
    nameWithType: )
    fullName: )
  spec.vb:
  - uid: System.Object.ToString
    name: ToString
    nameWithType: Object.ToString
    fullName: System.Object.ToString
    isExternal: true
  - name: (
    nameWithType: (
    fullName: (
  - name: )
    nameWithType: )
    fullName: )
- uid: System
  commentId: N:System
  isExternal: true
  name: System
  nameWithType: System
  fullName: System
- uid: Polkadot.Data.SignedBlock.Block*
  commentId: Overload:Polkadot.Data.SignedBlock.Block
  name: Block
  nameWithType: SignedBlock.Block
  fullName: Polkadot.Data.SignedBlock.Block
- uid: Polkadot.Data.Block
  commentId: T:Polkadot.Data.Block
  parent: Polkadot.Data
  name: Block
  nameWithType: Block
  fullName: Polkadot.Data.Block
- uid: Polkadot.Data.SignedBlock.Justification*
  commentId: Overload:Polkadot.Data.SignedBlock.Justification
  name: Justification
  nameWithType: SignedBlock.Justification
  fullName: Polkadot.Data.SignedBlock.Justification
- uid: System.String
  commentId: T:System.String
  parent: System
  isExternal: true
  name: String
  nameWithType: String
  fullName: System.String
